# This file is @generated by PDM.
# It is not intended for manual editing.

[metadata]
groups = ["default", "dev"]
strategy = ["cross_platform", "inherit_metadata"]
lock_version = "4.4.1"
content_hash = "sha256:ecd1c31eef7332f0757fedd8b8b5f1249f27ad08967fd7e063adf2426c125894"

[[package]]
name = "asttokens"
version = "2.4.1"
summary = "Annotate AST trees with source code positions"
groups = ["dev"]
marker = "python_version > \"3.6\""
dependencies = [
    "six>=1.12.0",
]
files = [
    {file = "asttokens-2.4.1-py2.py3-none-any.whl", hash = "sha256:051ed49c3dcae8913ea7cd08e46a606dba30b79993209636c4875bc1d637bc24"},
    {file = "asttokens-2.4.1.tar.gz", hash = "sha256:b03869718ba9a6eb027e134bfdf69f38a236d681c83c160d510768af11254ba0"},
]

[[package]]
name = "colorama"
version = "0.4.6"
requires_python = "!=3.0.*,!=3.1.*,!=3.2.*,!=3.3.*,!=3.4.*,!=3.5.*,!=3.6.*,>=2.7"
summary = "Cross-platform colored terminal text."
groups = ["dev"]
marker = "sys_platform == \"win32\" and python_version > \"3.6\""
files = [
    {file = "colorama-0.4.6-py2.py3-none-any.whl", hash = "sha256:4f1d9991f5acc0ca119f9d443620b77f9d6b33703e51011c16baf57afb285fc6"},
    {file = "colorama-0.4.6.tar.gz", hash = "sha256:08695f5cb7ed6e0531a20572697297273c47b8cae5a63ffc6d6ed5c201be6e44"},
]

[[package]]
name = "crc32c"
version = "2.3.post0"
summary = "A python package implementing the crc32c algorithm in hardware and software"
groups = ["default"]
files = [
    {file = "crc32c-2.3.post0-cp310-cp310-macosx_10_9_universal2.whl", hash = "sha256:e311f52e24b633e8d588ab9a0e7992bfcfe8284a1655202bdac5aee80254a3fd"},
    {file = "crc32c-2.3.post0-cp310-cp310-macosx_10_9_x86_64.whl", hash = "sha256:4459462c732232ffb29b58decd246ed5cdb8c16ae141f57f03cb2e3445dc1d2e"},
    {file = "crc32c-2.3.post0-cp310-cp310-macosx_11_0_arm64.whl", hash = "sha256:1285d33cdeda2d2248994d41706f88f0fe58265ae907d23221c07028e79f9670"},
    {file = "crc32c-2.3.post0-cp310-cp310-manylinux_2_17_aarch64.manylinux2014_aarch64.whl", hash = "sha256:3c24ebb561e10a5eada2128a7357e41969155cebe7b34656176fc24412d45c8b"},
    {file = "crc32c-2.3.post0-cp310-cp310-manylinux_2_5_i686.manylinux1_i686.manylinux_2_17_i686.manylinux2014_i686.whl", hash = "sha256:cb4222a766f59b1cd8cbe56af5dbdfd3a2c0ec40b60c9ee6efe4a5cabc94112d"},
    {file = "crc32c-2.3.post0-cp310-cp310-manylinux_2_5_x86_64.manylinux1_x86_64.manylinux_2_17_x86_64.manylinux2014_x86_64.whl", hash = "sha256:217c1b64be777cf235556066c363f4dec22b29a956a174f6361037b1b2065c63"},
    {file = "crc32c-2.3.post0-cp310-cp310-musllinux_1_1_aarch64.whl", hash = "sha256:3bb11668f75a7f4f699b9a125aaf15259687f691beb95e756e3bea80d7163645"},
    {file = "crc32c-2.3.post0-cp310-cp310-musllinux_1_1_i686.whl", hash = "sha256:04220e1db5567dc234d1e9dc182c5b8241905057ec19967ac3a917bcaf06d70e"},
    {file = "crc32c-2.3.post0-cp310-cp310-musllinux_1_1_x86_64.whl", hash = "sha256:dbae415e9ec7dfdcdeac981cf4833d9942ce9de175b2be5a21c641c3a88e609b"},
    {file = "crc32c-2.3.post0-cp310-cp310-win32.whl", hash = "sha256:7fb366626bf7ef66e55656c8385fcc94f22f8d3847a7a84c810d2e3f63f54c62"},
    {file = "crc32c-2.3.post0-cp310-cp310-win_amd64.whl", hash = "sha256:01787094f281ae7c8f645d7b3c309a02bac45cb385206eee651aa27d933a87e5"},
    {file = "crc32c-2.3.post0-cp311-cp311-macosx_10_9_universal2.whl", hash = "sha256:8a3ff6b893ab482f0841a2b7e394adb749b1a896c854ce92f72c60e2ea3a3553"},
    {file = "crc32c-2.3.post0-cp311-cp311-macosx_10_9_x86_64.whl", hash = "sha256:585ab3307a2aa73b935f0b0358197f0af5306204d646ac321ecf01f2a3725f94"},
    {file = "crc32c-2.3.post0-cp311-cp311-macosx_11_0_arm64.whl", hash = "sha256:acb0d4a1cf19fdc2946ab9b1dc5d4f1347e97b356a863fbba2d8a3d3c1cbe815"},
    {file = "crc32c-2.3.post0-cp311-cp311-manylinux_2_17_aarch64.manylinux2014_aarch64.whl", hash = "sha256:75e9a588e7241d09de9023dc51174cc2c9ac7c453ae0e26a5718e266b48ae392"},
    {file = "crc32c-2.3.post0-cp311-cp311-manylinux_2_5_i686.manylinux1_i686.manylinux_2_17_i686.manylinux2014_i686.whl", hash = "sha256:5be4ad72c198c4a22515ef2ad728f9829ee3d75e6c7f3e41030c8266e46c0c7c"},
    {file = "crc32c-2.3.post0-cp311-cp311-manylinux_2_5_x86_64.manylinux1_x86_64.manylinux_2_17_x86_64.manylinux2014_x86_64.whl", hash = "sha256:08fdba1351d5cbb428d9ba3ce5c03d43687e7b23c6bc0cf99973306e5549dab9"},
    {file = "crc32c-2.3.post0-cp311-cp311-musllinux_1_1_aarch64.whl", hash = "sha256:21919937ecac802e436c1a9978e8b27522ca87bf67dc5ce3a5b5622c0b5c3a06"},
    {file = "crc32c-2.3.post0-cp311-cp311-musllinux_1_1_i686.whl", hash = "sha256:c102e8988618e3bd15f4297ab95631c6d9e59326f9af17bf7d71c2ad4639a7f7"},
    {file = "crc32c-2.3.post0-cp311-cp311-musllinux_1_1_x86_64.whl", hash = "sha256:6072cc60102a8ac86f45ab8d29c8679a8ac0445477eed3d0af6d0becceea1392"},
    {file = "crc32c-2.3.post0-cp311-cp311-win32.whl", hash = "sha256:295053584dc3a11d8f02d6ccc6dd3698331e252cd816d7652b0723c516ef3c41"},
    {file = "crc32c-2.3.post0-cp311-cp311-win_amd64.whl", hash = "sha256:05ad2f6b6392b2a0af159142e6ec029cddd15d67a76b7762b3316cbb5cc8e22c"},
    {file = "crc32c-2.3.post0-cp312-cp312-macosx_10_9_universal2.whl", hash = "sha256:6281582e919e405fdc4bf0f3ecd5f2ad647767cc5c6beecc094476356bd6ad09"},
    {file = "crc32c-2.3.post0-cp312-cp312-macosx_10_9_x86_64.whl", hash = "sha256:d14f1b02e763edbd5039665b1c7decf7714e55b992ce89971a997862a236394c"},
    {file = "crc32c-2.3.post0-cp312-cp312-macosx_11_0_arm64.whl", hash = "sha256:4fed4b5f61c6a3009b522faf218e9665da71917756a09998386869b293145cfd"},
    {file = "crc32c-2.3.post0-cp312-cp312-manylinux_2_17_aarch64.manylinux2014_aarch64.whl", hash = "sha256:9b81590ffd92f90dee3ff823b69392cd2640f527efcc5d637829b4a0cea370de"},
    {file = "crc32c-2.3.post0-cp312-cp312-manylinux_2_5_i686.manylinux1_i686.manylinux_2_17_i686.manylinux2014_i686.whl", hash = "sha256:bd62636466bf6b24f5ac32640b2401fe7333dea09cc46506ad3a855782bdfa0d"},
    {file = "crc32c-2.3.post0-cp312-cp312-manylinux_2_5_x86_64.manylinux1_x86_64.manylinux_2_17_x86_64.manylinux2014_x86_64.whl", hash = "sha256:712474ce37ea262cdd8a46be5696a3d72aff55d02463428eae1ddee265feb882"},
    {file = "crc32c-2.3.post0-cp312-cp312-musllinux_1_1_aarch64.whl", hash = "sha256:9a05ff1275350368e4e4e4d756e6a2924892e6160b4655ac5082d4f9b4a11a71"},
    {file = "crc32c-2.3.post0-cp312-cp312-musllinux_1_1_i686.whl", hash = "sha256:69b5c270f326a35777409cdd9547eada1f69fffbf9fd340862c00a655b2d9a3a"},
    {file = "crc32c-2.3.post0-cp312-cp312-musllinux_1_1_x86_64.whl", hash = "sha256:23a534b11619965ff8ce73775d703be2c59566fde88a5a03efd4b28eee023e90"},
    {file = "crc32c-2.3.post0-cp312-cp312-win32.whl", hash = "sha256:5f1d5c72daf5560daa89fd123bd6fe7dec58fdae142330f244850b20f61c518e"},
    {file = "crc32c-2.3.post0-cp312-cp312-win_amd64.whl", hash = "sha256:e5286061b6050689892ac145bab0a441c3e742b8c0f29a9be8f1c97eea5558a7"},
    {file = "crc32c-2.3.post0-cp39-cp39-macosx_10_9_universal2.whl", hash = "sha256:cee4275dfb3cfc4a1e4c338089f3223fce878d7151cebb095937c07410371908"},
    {file = "crc32c-2.3.post0-cp39-cp39-macosx_10_9_x86_64.whl", hash = "sha256:176b3c5ff7fa4e2f83c241ab9dc4fd1584d1c9333d4c7295c16c9f6097c29933"},
    {file = "crc32c-2.3.post0-cp39-cp39-macosx_11_0_arm64.whl", hash = "sha256:68941ac55632f231120baeeba72690cdf2ec2531fea3ceab4612dbf855411b05"},
    {file = "crc32c-2.3.post0-cp39-cp39-manylinux_2_17_aarch64.manylinux2014_aarch64.whl", hash = "sha256:00de0d157dc17bbf01fef615aff6095a78b3561aad37b4ba4a300b11311aae55"},
    {file = "crc32c-2.3.post0-cp39-cp39-manylinux_2_5_i686.manylinux1_i686.manylinux_2_17_i686.manylinux2014_i686.whl", hash = "sha256:061b084e27d92dc3e1a9efd500e6e3feee9e97e8cefe2fbdcc0011cba7f3242a"},
    {file = "crc32c-2.3.post0-cp39-cp39-manylinux_2_5_x86_64.manylinux1_x86_64.manylinux_2_17_x86_64.manylinux2014_x86_64.whl", hash = "sha256:a2f6105a430f4f1f393cc660bf8ac3a4860396fa9b5ac8bf0c7ba1de044a3cbc"},
    {file = "crc32c-2.3.post0-cp39-cp39-musllinux_1_1_aarch64.whl", hash = "sha256:69cd27f493a6bcbeb1b59eea4a978734ebf3ce2b6f757a99405d6eebd38af551"},
    {file = "crc32c-2.3.post0-cp39-cp39-musllinux_1_1_i686.whl", hash = "sha256:7d02e45cddebfa82694fc9fc7df2f42366431e90b0abd40c5c63758bc9234123"},
    {file = "crc32c-2.3.post0-cp39-cp39-musllinux_1_1_x86_64.whl", hash = "sha256:0b5f5a18e9bfe98a273d9618d5c04470fe983dcebcd453fac07c398dfac7db10"},
    {file = "crc32c-2.3.post0-cp39-cp39-win32.whl", hash = "sha256:e88bbdeba430dfee6d83192a9e55c8e89884a3c5215d1b7643395ecbbd1b502b"},
    {file = "crc32c-2.3.post0-cp39-cp39-win_amd64.whl", hash = "sha256:c55e8a45e360aeb3cea2cf9d9fb3771a711ed3c3fce2d91c874d767aae4f5cee"},
    {file = "crc32c-2.3.post0-pp37-pypy37_pp73-macosx_10_9_x86_64.whl", hash = "sha256:b3628ff77ca4cf3c3f0209d5eb824b79d8e324bbb1feaff3fb6bff8adc23ec08"},
    {file = "crc32c-2.3.post0-pp37-pypy37_pp73-manylinux_2_17_aarch64.manylinux2014_aarch64.whl", hash = "sha256:3ef1b87ac755e20933bc8136a45ca9993a03c0b0ba16dd946ab287108305332b"},
    {file = "crc32c-2.3.post0-pp37-pypy37_pp73-manylinux_2_5_i686.manylinux1_i686.manylinux_2_17_i686.manylinux2014_i686.whl", hash = "sha256:9ebbcde06765fcde3d2d440153839a9ac675866fb25aa86219595c370e6d3f7c"},
    {file = "crc32c-2.3.post0-pp37-pypy37_pp73-manylinux_2_5_x86_64.manylinux1_x86_64.manylinux_2_17_x86_64.manylinux2014_x86_64.whl", hash = "sha256:335f1fcd5fb346be4ac4c982f89bb66b39c93a2c2d4bcdb3e3188d8adcb225b2"},
    {file = "crc32c-2.3.post0-pp37-pypy37_pp73-win_amd64.whl", hash = "sha256:b6a4df4a978dbf43e548a008dc4686f6e24d52defb8c03a79b67aebfeaa2caa6"},
    {file = "crc32c-2.3.post0-pp38-pypy38_pp73-macosx_10_9_x86_64.whl", hash = "sha256:129b0ac8ee712ce42aae36d7e6e5202ab080f06117f57ba2c894226586e80050"},
    {file = "crc32c-2.3.post0-pp38-pypy38_pp73-manylinux_2_17_aarch64.manylinux2014_aarch64.whl", hash = "sha256:b6ad74ec499a3d6981900c1e2873b1e6a19e2ee3c650a3e611c3076ad9167f3a"},
    {file = "crc32c-2.3.post0-pp38-pypy38_pp73-manylinux_2_5_i686.manylinux1_i686.manylinux_2_17_i686.manylinux2014_i686.whl", hash = "sha256:69cb66a0c680ae531df7f32833a3d6df26aeeb144c0f7a8899d2d5bb7c9cdc2c"},
    {file = "crc32c-2.3.post0-pp38-pypy38_pp73-manylinux_2_5_x86_64.manylinux1_x86_64.manylinux_2_17_x86_64.manylinux2014_x86_64.whl", hash = "sha256:b823aacfefe0001a08667d7a4d7dd87133537e3628ed581fa416829a5dad26fd"},
    {file = "crc32c-2.3.post0-pp38-pypy38_pp73-win_amd64.whl", hash = "sha256:a4d98142f6e40dec28994846a6acafd96ba822d81b3c6671633fb11d41692c32"},
    {file = "crc32c-2.3.post0-pp39-pypy39_pp73-macosx_10_9_x86_64.whl", hash = "sha256:bce06be1d9aa7e4b3e3038fe80facafa3526bec9e484ec089c035b8018727c1b"},
    {file = "crc32c-2.3.post0-pp39-pypy39_pp73-manylinux_2_17_aarch64.manylinux2014_aarch64.whl", hash = "sha256:0467261c67377a92ad6665a9590b3820cfb12d59c3c6ccac6326200e032ddda4"},
    {file = "crc32c-2.3.post0-pp39-pypy39_pp73-manylinux_2_5_i686.manylinux1_i686.manylinux_2_17_i686.manylinux2014_i686.whl", hash = "sha256:1101b4e680085ea7c01074d38378610392262bc56936ec17eed61f1372197193"},
    {file = "crc32c-2.3.post0-pp39-pypy39_pp73-manylinux_2_5_x86_64.manylinux1_x86_64.manylinux_2_17_x86_64.manylinux2014_x86_64.whl", hash = "sha256:80ddf6b0594bb980a635ff4818c0c64927193c1a09e8b5b6986769e94a7ba9ee"},
    {file = "crc32c-2.3.post0-pp39-pypy39_pp73-win_amd64.whl", hash = "sha256:3e547c06a1dda463daf398661af6bda767debe0097630b48c463605e38ade31a"},
    {file = "crc32c-2.3.post0.tar.gz", hash = "sha256:7d4b39ca6791830c4f1c053d2d8983627af702f0445535ff53d3220f35cf6ce6"},
]

[[package]]
name = "decorator"
version = "5.1.1"
requires_python = ">=3.5"
summary = "Decorators for Humans"
groups = ["dev"]
marker = "python_version > \"3.6\""
files = [
    {file = "decorator-5.1.1-py3-none-any.whl", hash = "sha256:b8c3f85900b9dc423225913c5aace94729fe1fa9763b38939a95226f02d37186"},
    {file = "decorator-5.1.1.tar.gz", hash = "sha256:637996211036b6385ef91435e4fae22989472f9d571faba8927ba8253acbc330"},
]

[[package]]
name = "exceptiongroup"
version = "1.2.0"
requires_python = ">=3.7"
summary = "Backport of PEP 654 (exception groups)"
groups = ["dev"]
marker = "python_version < \"3.11\" and python_version > \"3.6\""
files = [
    {file = "exceptiongroup-1.2.0-py3-none-any.whl", hash = "sha256:4bfd3996ac73b41e9b9628b04e079f193850720ea5945fc96a08633c66912f14"},
    {file = "exceptiongroup-1.2.0.tar.gz", hash = "sha256:91f5c769735f051a4290d52edd0858999b57e5876e9f85937691bd4c9fa3ed68"},
]

[[package]]
name = "executing"
version = "2.0.1"
requires_python = ">=3.5"
summary = "Get the currently executing AST node of a frame, and other information"
groups = ["dev"]
marker = "python_version > \"3.6\""
files = [
    {file = "executing-2.0.1-py2.py3-none-any.whl", hash = "sha256:eac49ca94516ccc753f9fb5ce82603156e590b27525a8bc32cce8ae302eb61bc"},
    {file = "executing-2.0.1.tar.gz", hash = "sha256:35afe2ce3affba8ee97f2d69927fa823b08b472b7b994e36a52a964b93d16147"},
]

[[package]]
name = "ipdb"
version = "0.13.13"
requires_python = ">=2.7, !=3.0.*, !=3.1.*, !=3.2.*, !=3.3.*"
summary = "IPython-enabled pdb"
groups = ["dev"]
dependencies = [
    "decorator; python_version > \"3.6\" and python_version < \"3.11\"",
    "decorator; python_version >= \"3.11\"",
    "ipython>=7.31.1; python_version > \"3.6\" and python_version < \"3.11\"",
    "ipython>=7.31.1; python_version >= \"3.11\"",
    "tomli; python_version > \"3.6\" and python_version < \"3.11\"",
]
files = [
    {file = "ipdb-0.13.13-py3-none-any.whl", hash = "sha256:45529994741c4ab6d2388bfa5d7b725c2cf7fe9deffabdb8a6113aa5ed449ed4"},
    {file = "ipdb-0.13.13.tar.gz", hash = "sha256:e3ac6018ef05126d442af680aad863006ec19d02290561ac88b8b1c0b0cfc726"},
]

[[package]]
name = "ipython"
version = "8.18.1"
requires_python = ">=3.9"
summary = "IPython: Productive Interactive Computing"
groups = ["dev"]
marker = "python_version > \"3.6\""
dependencies = [
    "colorama; sys_platform == \"win32\"",
    "decorator",
    "exceptiongroup; python_version < \"3.11\"",
    "jedi>=0.16",
    "matplotlib-inline",
    "pexpect>4.3; sys_platform != \"win32\"",
    "prompt-toolkit<3.1.0,>=3.0.41",
    "pygments>=2.4.0",
    "stack-data",
    "traitlets>=5",
    "typing-extensions; python_version < \"3.10\"",
]
files = [
    {file = "ipython-8.18.1-py3-none-any.whl", hash = "sha256:e8267419d72d81955ec1177f8a29aaa90ac80ad647499201119e2f05e99aa397"},
    {file = "ipython-8.18.1.tar.gz", hash = "sha256:ca6f079bb33457c66e233e4580ebfc4128855b4cf6370dddd73842a9563e8a27"},
]

[[package]]
name = "jedi"
version = "0.19.1"
requires_python = ">=3.6"
summary = "An autocompletion tool for Python that can be used for text editors."
groups = ["dev"]
marker = "python_version > \"3.6\""
dependencies = [
    "parso<0.9.0,>=0.8.3",
]
files = [
    {file = "jedi-0.19.1-py2.py3-none-any.whl", hash = "sha256:e983c654fe5c02867aef4cdfce5a2fbb4a50adc0af145f70504238f18ef5e7e0"},
    {file = "jedi-0.19.1.tar.gz", hash = "sha256:cf0496f3651bc65d7174ac1b7d043eff454892c708a87d1b683e57b569927ffd"},
]

[[package]]
name = "matplotlib-inline"
version = "0.1.6"
requires_python = ">=3.5"
summary = "Inline Matplotlib backend for Jupyter"
groups = ["dev"]
marker = "python_version > \"3.6\""
dependencies = [
    "traitlets",
]
files = [
    {file = "matplotlib-inline-0.1.6.tar.gz", hash = "sha256:f887e5f10ba98e8d2b150ddcf4702c1e5f8b3a20005eb0f74bfdbd360ee6f304"},
    {file = "matplotlib_inline-0.1.6-py3-none-any.whl", hash = "sha256:f1f41aab5328aa5aaea9b16d083b128102f8712542f819fe7e6a420ff581b311"},
]

[[package]]
name = "msgspec"
version = "0.18.5"
requires_python = ">=3.8"
summary = "A fast serialization and validation library, with builtin support for JSON, MessagePack, YAML, and TOML."
groups = ["default"]
files = [
    {file = "msgspec-0.18.5-cp310-cp310-macosx_10_9_x86_64.whl", hash = "sha256:50479d88f3c4e9c73b55fbe84dc14b1cee8cec753e9170bbeafe3f9837e9f7af"},
    {file = "msgspec-0.18.5-cp310-cp310-macosx_11_0_arm64.whl", hash = "sha256:cf885edac512e464c70a5f4f93b6f778c83ea4b91d646b6d72f6f5ac950f268e"},
    {file = "msgspec-0.18.5-cp310-cp310-manylinux_2_17_aarch64.manylinux2014_aarch64.whl", hash = "sha256:773a38ead7832d171d1b9406bf42448a218245584af36e42c31f26d9f48a493a"},
    {file = "msgspec-0.18.5-cp310-cp310-manylinux_2_17_x86_64.manylinux2014_x86_64.whl", hash = "sha256:d5999eb65646b131f439ebb07c22446e8976b7fd8a312dca09ce6fa2c21162bb"},
    {file = "msgspec-0.18.5-cp310-cp310-musllinux_1_1_aarch64.whl", hash = "sha256:a0ec78bd93684db61dfccf7a421b2e1a525b1a0546b4d8c4e339151be57d58a6"},
    {file = "msgspec-0.18.5-cp310-cp310-musllinux_1_1_x86_64.whl", hash = "sha256:b547c7ad9786a79b0090a811d95d2d04063625a66fd96ed767cdfbabd8087c67"},
    {file = "msgspec-0.18.5-cp310-cp310-win_amd64.whl", hash = "sha256:e4c2fc93a98afefd1a78e957ca63363a8e5fd1b58bf70a8d66413c8f2a4723a2"},
    {file = "msgspec-0.18.5-cp311-cp311-macosx_10_9_x86_64.whl", hash = "sha256:ee1f9414523d9a53744d21a6a2b6a636d9008be016963148a2646b38132e11dd"},
    {file = "msgspec-0.18.5-cp311-cp311-macosx_11_0_arm64.whl", hash = "sha256:0017f6af35a3959002df4c82af60c1df2160701529dd89b17df971fde5945257"},
    {file = "msgspec-0.18.5-cp311-cp311-manylinux_2_17_aarch64.manylinux2014_aarch64.whl", hash = "sha256:13da9df61745b7757070dae6e3476ab4e13bb9dd3e3d11b050dfcae540058bd1"},
    {file = "msgspec-0.18.5-cp311-cp311-manylinux_2_17_x86_64.manylinux2014_x86_64.whl", hash = "sha256:01ed3472a0508f88a25a9d3bccafb840110f0fc5eb493b4baa43646e4e7c75c2"},
    {file = "msgspec-0.18.5-cp311-cp311-musllinux_1_1_aarch64.whl", hash = "sha256:f55c4610cb0514aef8b35bfd0682f4cc2d7efd5e9b58acf30abd90b2a2376b5d"},
    {file = "msgspec-0.18.5-cp311-cp311-musllinux_1_1_x86_64.whl", hash = "sha256:8f7c0460aefdc8f01ea35f26e38c62b574bbf0b138ade860f557bbf9e9dac50c"},
    {file = "msgspec-0.18.5-cp311-cp311-win_amd64.whl", hash = "sha256:024f880df7d2f8cfdb9f9904efa0f386d3692457159bd58f850c20f11c07d16f"},
    {file = "msgspec-0.18.5-cp312-cp312-macosx_10_9_x86_64.whl", hash = "sha256:b3d206af4280172948d014d20b2cea7939784a99ea9a7ac943ce71100dbe8f98"},
    {file = "msgspec-0.18.5-cp312-cp312-macosx_11_0_arm64.whl", hash = "sha256:261cc6e3a687e6f31b80056ab12f6adff3255f9b68b86d92b0b497f8b289c84c"},
    {file = "msgspec-0.18.5-cp312-cp312-manylinux_2_17_aarch64.manylinux2014_aarch64.whl", hash = "sha256:b6af133ba491a09ef8dcbc2d9904bcec220247e2067bb75d5d6daa12e0739d6c"},
    {file = "msgspec-0.18.5-cp312-cp312-manylinux_2_17_x86_64.manylinux2014_x86_64.whl", hash = "sha256:d318593e0ddc11b600552a470ec27baeb0b86a8e37903ac5ce7472ba0d6f7bf8"},
    {file = "msgspec-0.18.5-cp312-cp312-musllinux_1_1_aarch64.whl", hash = "sha256:9a7b682cca3ba251a19cc769d38615ddd9551e086858decd950c156c2e79ecc1"},
    {file = "msgspec-0.18.5-cp312-cp312-musllinux_1_1_x86_64.whl", hash = "sha256:b491b2549d22e11d7cfe34a231f9bd006cb6b71adefa070a070075d2f601e75c"},
    {file = "msgspec-0.18.5-cp312-cp312-win_amd64.whl", hash = "sha256:c79e7115f0143688c5d866359e7b6b76dd1581a81c9aeac7805a9d6320e9f2ca"},
    {file = "msgspec-0.18.5-cp39-cp39-macosx_10_9_x86_64.whl", hash = "sha256:f290bfe7e21e8069890d101d8a060500b22a3aeb7860274644c4ec9240ddbedc"},
    {file = "msgspec-0.18.5-cp39-cp39-macosx_11_0_arm64.whl", hash = "sha256:0027fba5362a3cb1bdd5503709aa2dbffad22dffd50f415086ed5f74f229ead9"},
    {file = "msgspec-0.18.5-cp39-cp39-manylinux_2_17_aarch64.manylinux2014_aarch64.whl", hash = "sha256:bd8a64da668b4eeef4b21dcecc640ed6950db661e2ea42ae52bbac5a2dbffb3a"},
    {file = "msgspec-0.18.5-cp39-cp39-manylinux_2_17_x86_64.manylinux2014_x86_64.whl", hash = "sha256:be2440fa5699e1b3062d17fdfd8c6a459d72bb4edbce403353af6f39c8c5a6fa"},
    {file = "msgspec-0.18.5-cp39-cp39-musllinux_1_1_aarch64.whl", hash = "sha256:eccba21248f90f332335b109e89685e79940367974812cd13975313f480f3dd8"},
    {file = "msgspec-0.18.5-cp39-cp39-musllinux_1_1_x86_64.whl", hash = "sha256:c30fadc1a1118097920dd868e42469fed32c7078ca2feff2fc19e7c017065322"},
    {file = "msgspec-0.18.5-cp39-cp39-win_amd64.whl", hash = "sha256:fae28faef5fd61847930d8e86fd83c18f991a338efd8fbf69c1d35d42c652f41"},
    {file = "msgspec-0.18.5.tar.gz", hash = "sha256:8e545651531f2d01b983d0ac0c7f3b6d99674267ff261b5f344f5016160b5608"},
]

[[package]]
name = "numpy"
version = "1.24.4"
requires_python = ">=3.8"
summary = "Fundamental package for array computing in Python"
groups = ["dev"]
files = [
    {file = "numpy-1.24.4-cp310-cp310-macosx_10_9_x86_64.whl", hash = "sha256:c0bfb52d2169d58c1cdb8cc1f16989101639b34c7d3ce60ed70b19c63eba0b64"},
    {file = "numpy-1.24.4-cp310-cp310-macosx_11_0_arm64.whl", hash = "sha256:ed094d4f0c177b1b8e7aa9cba7d6ceed51c0e569a5318ac0ca9a090680a6a1b1"},
    {file = "numpy-1.24.4-cp310-cp310-manylinux_2_17_aarch64.manylinux2014_aarch64.whl", hash = "sha256:79fc682a374c4a8ed08b331bef9c5f582585d1048fa6d80bc6c35bc384eee9b4"},
    {file = "numpy-1.24.4-cp310-cp310-manylinux_2_17_x86_64.manylinux2014_x86_64.whl", hash = "sha256:7ffe43c74893dbf38c2b0a1f5428760a1a9c98285553c89e12d70a96a7f3a4d6"},
    {file = "numpy-1.24.4-cp310-cp310-win32.whl", hash = "sha256:4c21decb6ea94057331e111a5bed9a79d335658c27ce2adb580fb4d54f2ad9bc"},
    {file = "numpy-1.24.4-cp310-cp310-win_amd64.whl", hash = "sha256:b4bea75e47d9586d31e892a7401f76e909712a0fd510f58f5337bea9572c571e"},
    {file = "numpy-1.24.4-cp311-cp311-macosx_10_9_x86_64.whl", hash = "sha256:f136bab9c2cfd8da131132c2cf6cc27331dd6fae65f95f69dcd4ae3c3639c810"},
    {file = "numpy-1.24.4-cp311-cp311-macosx_11_0_arm64.whl", hash = "sha256:e2926dac25b313635e4d6cf4dc4e51c8c0ebfed60b801c799ffc4c32bf3d1254"},
    {file = "numpy-1.24.4-cp311-cp311-manylinux_2_17_aarch64.manylinux2014_aarch64.whl", hash = "sha256:222e40d0e2548690405b0b3c7b21d1169117391c2e82c378467ef9ab4c8f0da7"},
    {file = "numpy-1.24.4-cp311-cp311-manylinux_2_17_x86_64.manylinux2014_x86_64.whl", hash = "sha256:7215847ce88a85ce39baf9e89070cb860c98fdddacbaa6c0da3ffb31b3350bd5"},
    {file = "numpy-1.24.4-cp311-cp311-win32.whl", hash = "sha256:4979217d7de511a8d57f4b4b5b2b965f707768440c17cb70fbf254c4b225238d"},
    {file = "numpy-1.24.4-cp311-cp311-win_amd64.whl", hash = "sha256:b7b1fc9864d7d39e28f41d089bfd6353cb5f27ecd9905348c24187a768c79694"},
    {file = "numpy-1.24.4-cp38-cp38-macosx_10_9_x86_64.whl", hash = "sha256:1452241c290f3e2a312c137a9999cdbf63f78864d63c79039bda65ee86943f61"},
    {file = "numpy-1.24.4-cp38-cp38-macosx_11_0_arm64.whl", hash = "sha256:04640dab83f7c6c85abf9cd729c5b65f1ebd0ccf9de90b270cd61935eef0197f"},
    {file = "numpy-1.24.4-cp38-cp38-manylinux_2_17_aarch64.manylinux2014_aarch64.whl", hash = "sha256:a5425b114831d1e77e4b5d812b69d11d962e104095a5b9c3b641a218abcc050e"},
    {file = "numpy-1.24.4-cp38-cp38-manylinux_2_17_x86_64.manylinux2014_x86_64.whl", hash = "sha256:dd80e219fd4c71fc3699fc1dadac5dcf4fd882bfc6f7ec53d30fa197b8ee22dc"},
    {file = "numpy-1.24.4-cp38-cp38-win32.whl", hash = "sha256:4602244f345453db537be5314d3983dbf5834a9701b7723ec28923e2889e0bb2"},
    {file = "numpy-1.24.4-cp38-cp38-win_amd64.whl", hash = "sha256:692f2e0f55794943c5bfff12b3f56f99af76f902fc47487bdfe97856de51a706"},
    {file = "numpy-1.24.4-cp39-cp39-macosx_10_9_x86_64.whl", hash = "sha256:2541312fbf09977f3b3ad449c4e5f4bb55d0dbf79226d7724211acc905049400"},
    {file = "numpy-1.24.4-cp39-cp39-macosx_11_0_arm64.whl", hash = "sha256:9667575fb6d13c95f1b36aca12c5ee3356bf001b714fc354eb5465ce1609e62f"},
    {file = "numpy-1.24.4-cp39-cp39-manylinux_2_17_aarch64.manylinux2014_aarch64.whl", hash = "sha256:f3a86ed21e4f87050382c7bc96571755193c4c1392490744ac73d660e8f564a9"},
    {file = "numpy-1.24.4-cp39-cp39-manylinux_2_17_x86_64.manylinux2014_x86_64.whl", hash = "sha256:d11efb4dbecbdf22508d55e48d9c8384db795e1b7b51ea735289ff96613ff74d"},
    {file = "numpy-1.24.4-cp39-cp39-win32.whl", hash = "sha256:6620c0acd41dbcb368610bb2f4d83145674040025e5536954782467100aa8835"},
    {file = "numpy-1.24.4-cp39-cp39-win_amd64.whl", hash = "sha256:befe2bf740fd8373cf56149a5c23a0f601e82869598d41f8e188a0e9869926f8"},
    {file = "numpy-1.24.4-pp38-pypy38_pp73-macosx_10_9_x86_64.whl", hash = "sha256:31f13e25b4e304632a4619d0e0777662c2ffea99fcae2029556b17d8ff958aef"},
    {file = "numpy-1.24.4-pp38-pypy38_pp73-manylinux_2_17_x86_64.manylinux2014_x86_64.whl", hash = "sha256:95f7ac6540e95bc440ad77f56e520da5bf877f87dca58bd095288dce8940532a"},
    {file = "numpy-1.24.4-pp38-pypy38_pp73-win_amd64.whl", hash = "sha256:e98f220aa76ca2a977fe435f5b04d7b3470c0a2e6312907b37ba6068f26787f2"},
    {file = "numpy-1.24.4.tar.gz", hash = "sha256:80f5e3a4e498641401868df4208b74581206afbee7cf7b8329daae82676d9463"},
]

[[package]]
name = "parso"
version = "0.8.3"
requires_python = ">=3.6"
summary = "A Python Parser"
groups = ["dev"]
marker = "python_version > \"3.6\""
files = [
    {file = "parso-0.8.3-py2.py3-none-any.whl", hash = "sha256:c001d4636cd3aecdaf33cbb40aebb59b094be2a74c556778ef5576c175e19e75"},
    {file = "parso-0.8.3.tar.gz", hash = "sha256:8c07be290bb59f03588915921e29e8a50002acaf2cdc5fa0e0114f91709fafa0"},
]

[[package]]
name = "pexpect"
version = "4.9.0"
summary = "Pexpect allows easy control of interactive console applications."
groups = ["dev"]
marker = "sys_platform != \"win32\" and python_version > \"3.6\""
dependencies = [
    "ptyprocess>=0.5",
]
files = [
    {file = "pexpect-4.9.0-py2.py3-none-any.whl", hash = "sha256:7236d1e080e4936be2dc3e326cec0af72acf9212a7e1d060210e70a47e253523"},
    {file = "pexpect-4.9.0.tar.gz", hash = "sha256:ee7d41123f3c9911050ea2c2dac107568dc43b2d3b0c7557a33212c398ead30f"},
]

[[package]]
name = "prompt-toolkit"
version = "3.0.43"
requires_python = ">=3.7.0"
summary = "Library for building powerful interactive command lines in Python"
groups = ["dev"]
marker = "python_version > \"3.6\""
dependencies = [
    "wcwidth",
]
files = [
    {file = "prompt_toolkit-3.0.43-py3-none-any.whl", hash = "sha256:a11a29cb3bf0a28a387fe5122cdb649816a957cd9261dcedf8c9f1fef33eacf6"},
    {file = "prompt_toolkit-3.0.43.tar.gz", hash = "sha256:3527b7af26106cbc65a040bcc84839a3566ec1b051bb0bfe953631e704b0ff7d"},
]

[[package]]
name = "ptyprocess"
version = "0.7.0"
summary = "Run a subprocess in a pseudo terminal"
groups = ["dev"]
marker = "sys_platform != \"win32\" and python_version > \"3.6\""
files = [
    {file = "ptyprocess-0.7.0-py2.py3-none-any.whl", hash = "sha256:4b41f3967fce3af57cc7e94b888626c18bf37a083e3651ca8feeb66d492fef35"},
    {file = "ptyprocess-0.7.0.tar.gz", hash = "sha256:5c5d0a3b48ceee0b48485e0c26037c0acd7d29765ca3fbb5cb3831d347423220"},
]

[[package]]
name = "pure-eval"
version = "0.2.2"
summary = "Safely evaluate AST nodes without side effects"
groups = ["dev"]
marker = "python_version > \"3.6\""
files = [
    {file = "pure_eval-0.2.2-py3-none-any.whl", hash = "sha256:01eaab343580944bc56080ebe0a674b39ec44a945e6d09ba7db3cb8cec289350"},
    {file = "pure_eval-0.2.2.tar.gz", hash = "sha256:2b45320af6dfaa1750f543d714b6d1c520a1688dec6fd24d339063ce0aaa9ac3"},
]

[[package]]
name = "pygments"
version = "2.17.2"
requires_python = ">=3.7"
summary = "Pygments is a syntax highlighting package written in Python."
groups = ["dev"]
marker = "python_version > \"3.6\""
files = [
    {file = "pygments-2.17.2-py3-none-any.whl", hash = "sha256:b27c2826c47d0f3219f29554824c30c5e8945175d888647acd804ddd04af846c"},
    {file = "pygments-2.17.2.tar.gz", hash = "sha256:da46cec9fd2de5be3a8a784f434e4c4ab670b4ff54d605c4c2717e9d49c4c367"},
]

[[package]]
name = "safetensors"
version = "0.4.1"
requires_python = ">=3.7"
summary = ""
groups = ["default"]
files = [
    {file = "safetensors-0.4.1-cp310-cp310-macosx_10_7_x86_64.whl", hash = "sha256:cba01c6b76e01ec453933b3b3c0157c59b52881c83eaa0f7666244e71aa75fd1"},
    {file = "safetensors-0.4.1-cp310-cp310-macosx_11_0_arm64.whl", hash = "sha256:7a8f6f679d97ea0135c7935c202feefbd042c149aa70ee759855e890c01c7814"},
    {file = "safetensors-0.4.1-cp310-cp310-manylinux_2_17_aarch64.manylinux2014_aarch64.whl", hash = "sha256:bbc2ce1f5ae5143a7fb72b71fa71db6a42b4f6cf912aa3acdc6b914084778e68"},
    {file = "safetensors-0.4.1-cp310-cp310-manylinux_2_17_armv7l.manylinux2014_armv7l.whl", hash = "sha256:2d87d993eaefe6611a9c241a8bd364a5f1ffed5771c74840363a6c4ed8d868f6"},
    {file = "safetensors-0.4.1-cp310-cp310-manylinux_2_17_ppc64le.manylinux2014_ppc64le.whl", hash = "sha256:097e9af2efa8778cd2f0cba451784253e62fa7cc9fc73c0744d27212f7294e25"},
    {file = "safetensors-0.4.1-cp310-cp310-manylinux_2_17_s390x.manylinux2014_s390x.whl", hash = "sha256:d10a9f7bae608ccfdc009351f01dc3d8535ff57f9488a58a4c38e45bf954fe93"},
    {file = "safetensors-0.4.1-cp310-cp310-manylinux_2_17_x86_64.manylinux2014_x86_64.whl", hash = "sha256:270b99885ec14abfd56c1d7f28ada81740a9220b4bae960c3de1c6fe84af9e4d"},
    {file = "safetensors-0.4.1-cp310-cp310-manylinux_2_5_i686.manylinux1_i686.whl", hash = "sha256:285b52a481e7ba93e29ad4ec5841ef2c4479ef0a6c633c4e2629e0508453577b"},
    {file = "safetensors-0.4.1-cp310-cp310-musllinux_1_1_aarch64.whl", hash = "sha256:c3c9f0ca510e0de95abd6424789dcbc879942a3a4e29b0dfa99d9427bf1da75c"},
    {file = "safetensors-0.4.1-cp310-cp310-musllinux_1_1_x86_64.whl", hash = "sha256:88b4653059c903015284a9722f9a46838c654257173b279c8f6f46dbe80b612d"},
    {file = "safetensors-0.4.1-cp310-none-win32.whl", hash = "sha256:2fe6926110e3d425c4b684a4379b7796fdc26ad7d16922ea1696c8e6ea7e920f"},
    {file = "safetensors-0.4.1-cp310-none-win_amd64.whl", hash = "sha256:a79e16222106b2f5edbca1b8185661477d8971b659a3c814cc6f15181a9b34c8"},
    {file = "safetensors-0.4.1-cp311-cp311-macosx_10_7_x86_64.whl", hash = "sha256:d93321eea0dd7e81b283e47a1d20dee6069165cc158286316d0d06d340de8fe8"},
    {file = "safetensors-0.4.1-cp311-cp311-macosx_11_0_arm64.whl", hash = "sha256:8ff8e41c8037db17de0ea2a23bc684f43eaf623be7d34906fe1ac10985b8365e"},
    {file = "safetensors-0.4.1-cp311-cp311-manylinux_2_17_aarch64.manylinux2014_aarch64.whl", hash = "sha256:39d36f1d88468a87c437a1bc27c502e71b6ca44c385a9117a9f9ba03a75cc9c6"},
    {file = "safetensors-0.4.1-cp311-cp311-manylinux_2_17_armv7l.manylinux2014_armv7l.whl", hash = "sha256:7ef010e9afcb4057fb6be3d0a0cfa07aac04fe97ef73fe4a23138d8522ba7c17"},
    {file = "safetensors-0.4.1-cp311-cp311-manylinux_2_17_ppc64le.manylinux2014_ppc64le.whl", hash = "sha256:b287304f2b2220d51ccb51fd857761e78bcffbeabe7b0238f8dc36f2edfd9542"},
    {file = "safetensors-0.4.1-cp311-cp311-manylinux_2_17_s390x.manylinux2014_s390x.whl", hash = "sha256:e09000b2599e1836314430f81a3884c66a5cbabdff5d9f175b5d560d4de38d78"},
    {file = "safetensors-0.4.1-cp311-cp311-manylinux_2_17_x86_64.manylinux2014_x86_64.whl", hash = "sha256:e9c80ce0001efa16066358d2dd77993adc25f5a6c61850e4ad096a2232930bce"},
    {file = "safetensors-0.4.1-cp311-cp311-manylinux_2_5_i686.manylinux1_i686.whl", hash = "sha256:413e1f6ac248f7d1b755199a06635e70c3515493d3b41ba46063dec33aa2ebb7"},
    {file = "safetensors-0.4.1-cp311-cp311-musllinux_1_1_aarch64.whl", hash = "sha256:d3ac139377cfe71ba04573f1cda66e663b7c3e95be850e9e6c2dd4b5984bd513"},
    {file = "safetensors-0.4.1-cp311-cp311-musllinux_1_1_x86_64.whl", hash = "sha256:04157d008385bea66d12fe90844a80d4a76dc25ec5230b5bd9a630496d1b7c03"},
    {file = "safetensors-0.4.1-cp311-none-win32.whl", hash = "sha256:5f25297148ec665f0deb8bd67e9564634d8d6841041ab5393ccfe203379ea88b"},
    {file = "safetensors-0.4.1-cp311-none-win_amd64.whl", hash = "sha256:b2f8877990a72ff595507b80f4b69036a9a1986a641f8681adf3425d97d3d2a5"},
    {file = "safetensors-0.4.1-cp312-cp312-macosx_10_7_x86_64.whl", hash = "sha256:eb2c1da1cc39509d1a55620a5f4d14f8911c47a89c926a96e6f4876e864375a3"},
    {file = "safetensors-0.4.1-cp312-cp312-macosx_11_0_arm64.whl", hash = "sha256:303d2c0415cf15a28f8d7f17379ea3c34c2b466119118a34edd9965983a1a8a6"},
    {file = "safetensors-0.4.1-cp312-cp312-manylinux_2_17_aarch64.manylinux2014_aarch64.whl", hash = "sha256:bb4cb3e37a9b961ddd68e873b29fe9ab4a081e3703412e34aedd2b7a8e9cafd9"},
    {file = "safetensors-0.4.1-cp312-cp312-manylinux_2_17_armv7l.manylinux2014_armv7l.whl", hash = "sha256:ae5497adc68669db2fed7cb2dad81e6a6106e79c9a132da3efdb6af1db1014fa"},
    {file = "safetensors-0.4.1-cp312-cp312-manylinux_2_17_ppc64le.manylinux2014_ppc64le.whl", hash = "sha256:3b30abd0cddfe959d1daedf92edcd1b445521ebf7ddefc20860ed01486b33c90"},
    {file = "safetensors-0.4.1-cp312-cp312-manylinux_2_17_s390x.manylinux2014_s390x.whl", hash = "sha256:d784a98c492c751f228a4a894c3b8a092ff08b24e73b5568938c28b8c0e8f8df"},
    {file = "safetensors-0.4.1-cp312-cp312-manylinux_2_17_x86_64.manylinux2014_x86_64.whl", hash = "sha256:e57a5ab08b0ec7a7caf30d2ac79bb30c89168431aca4f8854464bb9461686925"},
    {file = "safetensors-0.4.1-cp312-cp312-manylinux_2_5_i686.manylinux1_i686.whl", hash = "sha256:edcf3121890b5f0616aa5a54683b1a5d2332037b970e507d6bb7841a3a596556"},
    {file = "safetensors-0.4.1-cp312-cp312-musllinux_1_1_aarch64.whl", hash = "sha256:fdb58dee173ef33634c3016c459d671ca12d11e6acf9db008261cbe58107e579"},
    {file = "safetensors-0.4.1-cp312-cp312-musllinux_1_1_x86_64.whl", hash = "sha256:780dc21eb3fd32ddd0e8c904bdb0290f2454f4ac21ae71e94f9ce72db1900a5a"},
    {file = "safetensors-0.4.1-cp39-cp39-macosx_10_7_x86_64.whl", hash = "sha256:bdc0d039e44a727824639824090bd8869535f729878fa248addd3dc01db30eae"},
    {file = "safetensors-0.4.1-cp39-cp39-macosx_11_0_arm64.whl", hash = "sha256:3c1b1d510c7aba71504ece87bf393ea82638df56303e371e5e2cf09d18977dd7"},
    {file = "safetensors-0.4.1-cp39-cp39-manylinux_2_17_aarch64.manylinux2014_aarch64.whl", hash = "sha256:0bd0afd95c1e497f520e680ea01e0397c0868a3a3030e128438cf6e9e3fcd671"},
    {file = "safetensors-0.4.1-cp39-cp39-manylinux_2_17_armv7l.manylinux2014_armv7l.whl", hash = "sha256:f603bdd8deac6726d39f41688ed353c532dd53935234405d79e9eb53f152fbfb"},
    {file = "safetensors-0.4.1-cp39-cp39-manylinux_2_17_ppc64le.manylinux2014_ppc64le.whl", hash = "sha256:d8a85e3e47e0d4eebfaf9a58b40aa94f977a56050cb5598ad5396a9ee7c087c6"},
    {file = "safetensors-0.4.1-cp39-cp39-manylinux_2_17_s390x.manylinux2014_s390x.whl", hash = "sha256:e0ccb5aa0f3be2727117e5631200fbb3a5b3a2b3757545a92647d6dd8be6658f"},
    {file = "safetensors-0.4.1-cp39-cp39-manylinux_2_17_x86_64.manylinux2014_x86_64.whl", hash = "sha256:d784938534e255473155e4d9f276ee69eb85455b6af1292172c731409bf9adee"},
    {file = "safetensors-0.4.1-cp39-cp39-manylinux_2_5_i686.manylinux1_i686.whl", hash = "sha256:a257de175c254d39ccd6a21341cd62eb7373b05c1e618a78096a56a857e0c316"},
    {file = "safetensors-0.4.1-cp39-cp39-musllinux_1_1_aarch64.whl", hash = "sha256:6fd80f7794554091836d4d613d33a7d006e2b8d6ba014d06f97cebdfda744f64"},
    {file = "safetensors-0.4.1-cp39-cp39-musllinux_1_1_x86_64.whl", hash = "sha256:35803201d980efcf964b75a0a2aee97fe5e9ecc5f3ad676b38fafdfe98e0620d"},
    {file = "safetensors-0.4.1-cp39-none-win32.whl", hash = "sha256:7ff8a36e0396776d3ed9a106fc9a9d7c55d4439ca9a056a24bf66d343041d3e6"},
    {file = "safetensors-0.4.1-cp39-none-win_amd64.whl", hash = "sha256:bfa2e20342b81921b98edba52f8deb68843fa9c95250739a56b52ceda5ea5c61"},
    {file = "safetensors-0.4.1-pp310-pypy310_pp73-macosx_10_7_x86_64.whl", hash = "sha256:ae2d5a31cfb8a973a318f7c4d2cffe0bd1fe753cdf7bb41a1939d45a0a06f964"},
    {file = "safetensors-0.4.1-pp310-pypy310_pp73-macosx_11_0_arm64.whl", hash = "sha256:1a45dbf03e8334d3a5dc93687d98b6dc422f5d04c7d519dac09b84a3c87dd7c6"},
    {file = "safetensors-0.4.1-pp310-pypy310_pp73-manylinux_2_17_aarch64.manylinux2014_aarch64.whl", hash = "sha256:2297b359d91126c0f9d4fd17bae3cfa2fe3a048a6971b8db07db746ad92f850c"},
    {file = "safetensors-0.4.1-pp310-pypy310_pp73-manylinux_2_17_x86_64.manylinux2014_x86_64.whl", hash = "sha256:bda3d98e2bcece388232cfc551ebf063b55bdb98f65ab54df397da30efc7dcc5"},
    {file = "safetensors-0.4.1-pp310-pypy310_pp73-manylinux_2_5_i686.manylinux1_i686.whl", hash = "sha256:f8934bdfd202ebd0697040a3dff40dd77bc4c5bbf3527ede0532f5e7fb4d970f"},
    {file = "safetensors-0.4.1-pp310-pypy310_pp73-musllinux_1_1_aarch64.whl", hash = "sha256:42c3710cec7e5c764c7999697516370bee39067de0aa089b7e2cfb97ac8c6b20"},
    {file = "safetensors-0.4.1-pp310-pypy310_pp73-musllinux_1_1_x86_64.whl", hash = "sha256:53134226053e56bd56e73f7db42596e7908ed79f3c9a1016e4c1dade593ac8e5"},
    {file = "safetensors-0.4.1-pp37-pypy37_pp73-macosx_10_7_x86_64.whl", hash = "sha256:257d59e40a1b367cb544122e7451243d65b33c3f34d822a347f4eea6fdf97fdf"},
    {file = "safetensors-0.4.1-pp37-pypy37_pp73-manylinux_2_17_aarch64.manylinux2014_aarch64.whl", hash = "sha256:2d54c2f1826e790d1eb2d2512bfd0ee443f0206b423d6f27095057c7f18a0687"},
    {file = "safetensors-0.4.1-pp37-pypy37_pp73-manylinux_2_17_x86_64.manylinux2014_x86_64.whl", hash = "sha256:645b3f1138fce6e818e79d4128afa28f0657430764cc045419c1d069ff93f732"},
    {file = "safetensors-0.4.1-pp37-pypy37_pp73-manylinux_2_5_i686.manylinux1_i686.whl", hash = "sha256:e9a7ffb1e551c6df51d267f5a751f042b183df22690f6feceac8d27364fd51d7"},
    {file = "safetensors-0.4.1-pp37-pypy37_pp73-musllinux_1_1_aarch64.whl", hash = "sha256:44e230fbbe120de564b64f63ef3a8e6ff02840fa02849d9c443d56252a1646d4"},
    {file = "safetensors-0.4.1-pp37-pypy37_pp73-musllinux_1_1_x86_64.whl", hash = "sha256:9d16b3b2fcc6fca012c74bd01b5619c655194d3e3c13e4d4d0e446eefa39a463"},
    {file = "safetensors-0.4.1-pp38-pypy38_pp73-macosx_10_7_x86_64.whl", hash = "sha256:5d95ea4d8b32233910734a904123bdd3979c137c461b905a5ed32511defc075f"},
    {file = "safetensors-0.4.1-pp38-pypy38_pp73-macosx_11_0_arm64.whl", hash = "sha256:dab431699b5d45e0ca043bc580651ce9583dda594e62e245b7497adb32e99809"},
    {file = "safetensors-0.4.1-pp38-pypy38_pp73-manylinux_2_17_aarch64.manylinux2014_aarch64.whl", hash = "sha256:16d8bbb7344e39cb9d4762e85c21df94ebeb03edac923dd94bb9ed8c10eac070"},
    {file = "safetensors-0.4.1-pp38-pypy38_pp73-manylinux_2_17_x86_64.manylinux2014_x86_64.whl", hash = "sha256:1faf5111c66a6ba91f85dff2e36edaaf36e6966172703159daeef330de4ddc7b"},
    {file = "safetensors-0.4.1-pp38-pypy38_pp73-manylinux_2_5_i686.manylinux1_i686.whl", hash = "sha256:660ca1d8bff6c7bc7c6b30b9b32df74ef3ab668f5df42cefd7588f0d40feadcb"},
    {file = "safetensors-0.4.1-pp38-pypy38_pp73-musllinux_1_1_aarch64.whl", hash = "sha256:ae2f67f04ed0bb2e56fd380a8bd3eef03f609df53f88b6f5c7e89c08e52aae00"},
    {file = "safetensors-0.4.1-pp38-pypy38_pp73-musllinux_1_1_x86_64.whl", hash = "sha256:c8ed5d2c04cdc1afc6b3c28d59580448ac07732c50d94c15e14670f9c473a2ce"},
    {file = "safetensors-0.4.1-pp39-pypy39_pp73-macosx_10_7_x86_64.whl", hash = "sha256:2b6a2814278b6660261aa9a9aae524616de9f1ec364e3716d219b6ed8f91801f"},
    {file = "safetensors-0.4.1-pp39-pypy39_pp73-macosx_11_0_arm64.whl", hash = "sha256:3cfd1ca35eacc635f0eaa894e5c5ed83ffebd0f95cac298fd430014fa7323631"},
    {file = "safetensors-0.4.1-pp39-pypy39_pp73-manylinux_2_17_aarch64.manylinux2014_aarch64.whl", hash = "sha256:4177b456c6b0c722d82429127b5beebdaf07149d265748e97e0a34ff0b3694c8"},
    {file = "safetensors-0.4.1-pp39-pypy39_pp73-manylinux_2_17_x86_64.manylinux2014_x86_64.whl", hash = "sha256:313e8472197bde54e3ec54a62df184c414582979da8f3916981b6a7954910a1b"},
    {file = "safetensors-0.4.1-pp39-pypy39_pp73-manylinux_2_5_i686.manylinux1_i686.whl", hash = "sha256:fdb4adb76e21bad318210310590de61c9f4adcef77ee49b4a234f9dc48867869"},
    {file = "safetensors-0.4.1-pp39-pypy39_pp73-musllinux_1_1_aarch64.whl", hash = "sha256:1d568628e9c43ca15eb96c217da73737c9ccb07520fafd8a1eba3f2750614105"},
    {file = "safetensors-0.4.1-pp39-pypy39_pp73-musllinux_1_1_x86_64.whl", hash = "sha256:573b6023a55a2f28085fc0a84e196c779b6cbef4d9e73acea14c8094fee7686f"},
    {file = "safetensors-0.4.1.tar.gz", hash = "sha256:2304658e6ada81a5223225b4efe84748e760c46079bffedf7e321763cafb36c9"},
]

[[package]]
name = "six"
version = "1.16.0"
requires_python = ">=2.7, !=3.0.*, !=3.1.*, !=3.2.*"
summary = "Python 2 and 3 compatibility utilities"
groups = ["dev"]
marker = "python_version > \"3.6\""
files = [
    {file = "six-1.16.0-py2.py3-none-any.whl", hash = "sha256:8abb2f1d86890a2dfb989f9a77cfcfd3e47c2a354b01111771326f8aa26e0254"},
    {file = "six-1.16.0.tar.gz", hash = "sha256:1e61c37477a1626458e36f7b1d82aa5c9b094fa4802892072e49de9c60c4c926"},
]

[[package]]
name = "stack-data"
version = "0.6.3"
summary = "Extract data from python stack frames and tracebacks for informative displays"
groups = ["dev"]
marker = "python_version > \"3.6\""
dependencies = [
    "asttokens>=2.1.0",
    "executing>=1.2.0",
    "pure-eval",
]
files = [
    {file = "stack_data-0.6.3-py3-none-any.whl", hash = "sha256:d5558e0c25a4cb0853cddad3d77da9891a08cb85dd9f9f91b9f8cd66e511e695"},
    {file = "stack_data-0.6.3.tar.gz", hash = "sha256:836a778de4fec4dcd1dcd89ed8abff8a221f58308462e1c4aa2a3cf30148f0b9"},
]

[[package]]
name = "tomli"
version = "2.0.1"
requires_python = ">=3.7"
summary = "A lil' TOML parser"
groups = ["dev"]
marker = "python_version > \"3.6\" and python_version < \"3.11\""
files = [
    {file = "tomli-2.0.1-py3-none-any.whl", hash = "sha256:939de3e7a6161af0c887ef91b7d41a53e7c5a1ca976325f429cb46ea9bc30ecc"},
    {file = "tomli-2.0.1.tar.gz", hash = "sha256:de526c12914f0c550d15924c62d72abc48d6fe7364aa87328337a31007fe8a4f"},
]

[[package]]
name = "traitlets"
version = "5.14.1"
requires_python = ">=3.8"
summary = "Traitlets Python configuration system"
groups = ["dev"]
marker = "python_version > \"3.6\""
files = [
    {file = "traitlets-5.14.1-py3-none-any.whl", hash = "sha256:2e5a030e6eff91737c643231bfcf04a65b0132078dad75e4936700b213652e74"},
    {file = "traitlets-5.14.1.tar.gz", hash = "sha256:8585105b371a04b8316a43d5ce29c098575c2e477850b62b848b964f1444527e"},
]

[[package]]
name = "typing-extensions"
version = "4.9.0"
requires_python = ">=3.8"
summary = "Backported and Experimental Type Hints for Python 3.8+"
groups = ["dev"]
marker = "python_version < \"3.10\" and python_version > \"3.6\""
files = [
    {file = "typing_extensions-4.9.0-py3-none-any.whl", hash = "sha256:af72aea155e91adfc61c3ae9e0e342dbc0cba726d6cba4b6c72c1f34e47291cd"},
    {file = "typing_extensions-4.9.0.tar.gz", hash = "sha256:23478f88c37f27d76ac8aee6c905017a143b0b1b886c3c9f66bc2fd94f9f5783"},
]

[[package]]
name = "wcwidth"
version = "0.2.12"
summary = "Measures the displayed width of unicode strings in a terminal"
groups = ["dev"]
marker = "python_version > \"3.6\""
files = [
    {file = "wcwidth-0.2.12-py2.py3-none-any.whl", hash = "sha256:f26ec43d96c8cbfed76a5075dac87680124fa84e0855195a6184da9c187f133c"},
    {file = "wcwidth-0.2.12.tar.gz", hash = "sha256:f01c104efdf57971bcb756f054dd58ddec5204dd15fa31d6503ea57947d97c02"},
]
